// !$*UTF8*$!
{
	archiveVersion = 1;
	classes = {
	};
	objectVersion = 46;
	objects = {

/* Begin PBXBuildFile section */
		AAB359CD1AA2087B0034F397 /* main.m in Sources */ = {isa = PBXBuildFile; fileRef = AAB359CC1AA2087B0034F397 /* main.m */; };
		AAB359D01AA2087C0034F397 /* AppDelegate.m in Sources */ = {isa = PBXBuildFile; fileRef = AAB359CF1AA2087C0034F397 /* AppDelegate.m */; };
		AAB359D31AA2087C0034F397 /* ViewController.m in Sources */ = {isa = PBXBuildFile; fileRef = AAB359D21AA2087C0034F397 /* ViewController.m */; };
		AAB359D61AA2087C0034F397 /* Main.storyboard in Resources */ = {isa = PBXBuildFile; fileRef = AAB359D41AA2087C0034F397 /* Main.storyboard */; };
		AAB359D81AA2087C0034F397 /* Images.xcassets in Resources */ = {isa = PBXBuildFile; fileRef = AAB359D71AA2087C0034F397 /* Images.xcassets */; };
		AAB359DB1AA2087C0034F397 /* LaunchScreen.xib in Resources */ = {isa = PBXBuildFile; fileRef = AAB359D91AA2087C0034F397 /* LaunchScreen.xib */; };
		AAB359E71AA2087C0034F397 /* Gif_testTests.m in Sources */ = {isa = PBXBuildFile; fileRef = AAB359E61AA2087C0034F397 /* Gif_testTests.m */; };
		AAD9C5671AA23574006FB6E3 /* test.m in Sources */ = {isa = PBXBuildFile; fileRef = AAD9C5661AA23574006FB6E3 /* test.m */; };
/* End PBXBuildFile section */

/* Begin PBXContainerItemProxy section */
		AAB359E11AA2087C0034F397 /* PBXContainerItemProxy */ = {
			isa = PBXContainerItemProxy;
			containerPortal = AAB359BF1AA2087B0034F397 /* Project object */;
			proxyType = 1;
			remoteGlobalIDString = AAB359C61AA2087B0034F397;
			remoteInfo = "Gif test";
		};
/* End PBXContainerItemProxy section */

/* Begin PBXFileReference section */
		AAB359C71AA2087B0034F397 /* Gif test.app */ = {isa = PBXFileReference; explicitFileType = wrapper.application; includeInIndex = 0; path = "Gif test.app"; sourceTree = BUILT_PRODUCTS_DIR; };
		AAB359CB1AA2087B0034F397 /* Info.plist */ = {isa = PBXFileReference; lastKnownFileType = text.plist.xml; path = Info.plist; sourceTree = "<group>"; };
		AAB359CC1AA2087B0034F397 /* main.m */ = {isa = PBXFileReference; lastKnownFileType = sourcecode.c.objc; path = main.m; sourceTree = "<group>"; };
		AAB359CE1AA2087B0034F397 /* AppDelegate.h */ = {isa = PBXFileReference; lastKnownFileType = sourcecode.c.h; path = AppDelegate.h; sourceTree = "<group>"; };
		AAB359CF1AA2087C0034F397 /* AppDelegate.m */ = {isa = PBXFileReference; lastKnownFileType = sourcecode.c.objc; path = AppDelegate.m; sourceTree = "<group>"; };
		AAB359D11AA2087C0034F397 /* ViewController.h */ = {isa = PBXFileReference; lastKnownFileType = sourcecode.c.h; path = ViewController.h; sourceTree = "<group>"; };
		AAB359D21AA2087C0034F397 /* ViewController.m */ = {isa = PBXFileReference; lastKnownFileType = sourcecode.c.objc; path = ViewController.m; sourceTree = "<group>"; };
		AAB359D51AA2087C0034F397 /* Base */ = {isa = PBXFileReference; lastKnownFileType = file.storyboard; name = Base; path = Base.lproj/Main.storyboard; sourceTree = "<group>"; };
		AAB359D71AA2087C0034F397 /* Images.xcassets */ = {isa = PBXFileReference; lastKnownFileType = folder.assetcatalog; path = Images.xcassets; sourceTree = "<group>"; };
		AAB359DA1AA2087C0034F397 /* Base */ = {isa = PBXFileReference; lastKnownFileType = file.xib; name = Base; path = Base.lproj/LaunchScreen.xib; sourceTree = "<group>"; };
		AAB359E01AA2087C0034F397 /* Gif testTests.xctest */ = {isa = PBXFileReference; explicitFileType = wrapper.cfbundle; includeInIndex = 0; path = "Gif testTests.xctest"; sourceTree = BUILT_PRODUCTS_DIR; };
		AAB359E51AA2087C0034F397 /* Info.plist */ = {isa = PBXFileReference; lastKnownFileType = text.plist.xml; path = Info.plist; sourceTree = "<group>"; };
		AAB359E61AA2087C0034F397 /* Gif_testTests.m */ = {isa = PBXFileReference; lastKnownFileType = sourcecode.c.objc; path = Gif_testTests.m; sourceTree = "<group>"; };
		AAD9C5651AA23574006FB6E3 /* test.h */ = {isa = PBXFileReference; fileEncoding = 4; lastKnownFileType = sourcecode.c.h; name = test.h; path = ../test.h; sourceTree = "<group>"; };
		AAD9C5661AA23574006FB6E3 /* test.m */ = {isa = PBXFileReference; fileEncoding = 4; lastKnownFileType = sourcecode.c.objc; name = test.m; path = ../test.m; sourceTree = "<group>"; };
/* End PBXFileReference section */

/* Begin PBXFrameworksBuildPhase section */
		AAB359C41AA2087B0034F397 /* Frameworks */ = {
			isa = PBXFrameworksBuildPhase;
			buildActionMask = 2147483647;
			files = (
			);
			runOnlyForDeploymentPostprocessing = 0;
		};
		AAB359DD1AA2087C0034F397 /* Frameworks */ = {
			isa = PBXFrameworksBuildPhase;
			buildActionMask = 2147483647;
			files = (
			);
			runOnlyForDeploymentPostprocessing = 0;
		};
/* End PBXFrameworksBuildPhase section */

/* Begin PBXGroup section */
		AAB359BE1AA2087B0034F397 = {
			isa = PBXGroup;
			children = (
				AAB359C91AA2087B0034F397 /* Gif test */,
				AAB359E31AA2087C0034F397 /* Gif testTests */,
				AAB359C81AA2087B0034F397 /* Products */,
			);
			sourceTree = "<group>";
		};
		AAB359C81AA2087B0034F397 /* Products */ = {
			isa = PBXGroup;
			children = (
				AAB359C71AA2087B0034F397 /* Gif test.app */,
				AAB359E01AA2087C0034F397 /* Gif testTests.xctest */,
			);
			name = Products;
			sourceTree = "<group>";
		};
		AAB359C91AA2087B0034F397 /* Gif test */ = {
			isa = PBXGroup;
			children = (
				AAB359CE1AA2087B0034F397 /* AppDelegate.h */,
				AAB359CF1AA2087C0034F397 /* AppDelegate.m */,
				AAD9C5651AA23574006FB6E3 /* test.h */,
				AAD9C5661AA23574006FB6E3 /* test.m */,
				AAB359D11AA2087C0034F397 /* ViewController.h */,
				AAB359D21AA2087C0034F397 /* ViewController.m */,
				AAB359D41AA2087C0034F397 /* Main.storyboard */,
				AAB359D71AA2087C0034F397 /* Images.xcassets */,
				AAB359D91AA2087C0034F397 /* LaunchScreen.xib */,
				AAB359CA1AA2087B0034F397 /* Supporting Files */,
			);
			path = "Gif test";
			sourceTree = "<group>";
		};
		AAB359CA1AA2087B0034F397 /* Supporting Files */ = {
			isa = PBXGroup;
			children = (
				AAB359CB1AA2087B0034F397 /* Info.plist */,
				AAB359CC1AA2087B0034F397 /* main.m */,
			);
			name = "Supporting Files";
			sourceTree = "<group>";
		};
		AAB359E31AA2087C0034F397 /* Gif testTests */ = {
			isa = PBXGroup;
			children = (
				AAB359E61AA2087C0034F397 /* Gif_testTests.m */,
				AAB359E41AA2087C0034F397 /* Supporting Files */,
			);
			path = "Gif testTests";
			sourceTree = "<group>";
		};
		AAB359E41AA2087C0034F397 /* Supporting Files */ = {
			isa = PBXGroup;
			children = (
				AAB359E51AA2087C0034F397 /* Info.plist */,
			);
			name = "Supporting Files";
			sourceTree = "<group>";
		};
/* End PBXGroup section */

/* Begin PBXNativeTarget section */
		AAB359C61AA2087B0034F397 /* Gif test */ = {
			isa = PBXNativeTarget;
			buildConfigurationList = AAB359EA1AA2087C0034F397 /* Build configuration list for PBXNativeTarget "Gif test" */;
			buildPhases = (
				AAB359C31AA2087B0034F397 /* Sources */,
				AAB359C41AA2087B0034F397 /* Frameworks */,
				AAB359C51AA2087B0034F397 /* Resources */,
			);
			buildRules = (
			);
			dependencies = (
			);
			name = "Gif test";
			productName = "Gif test";
			productReference = AAB359C71AA2087B0034F397 /* Gif test.app */;
			productType = "com.apple.product-type.application";
		};
		AAB359DF1AA2087C0034F397 /* Gif testTests */ = {
			isa = PBXNativeTarget;
			buildConfigurationList = AAB359ED1AA2087C0034F397 /* Build configuration list for PBXNativeTarget "Gif testTests" */;
			buildPhases = (
				AAB359DC1AA2087C0034F397 /* Sources */,
				AAB359DD1AA2087C0034F397 /* Frameworks */,
				AAB359DE1AA2087C0034F397 /* Resources */,
			);
			buildRules = (
			);
			dependencies = (
				AAB359E21AA2087C0034F397 /* PBXTargetDependency */,
			);
			name = "Gif testTests";
			productName = "Gif testTests";
			productReference = AAB359E01AA2087C0034F397 /* Gif testTests.xctest */;
			productType = "com.apple.product-type.bundle.unit-test";
		};
/* End PBXNativeTarget section */

/* Begin PBXProject section */
		AAB359BF1AA2087B0034F397 /* Project object */ = {
			isa = PBXProject;
			attributes = {
				LastUpgradeCheck = 0610;
				ORGANIZATIONNAME = "Pedro Luis";
				TargetAttributes = {
					AAB359C61AA2087B0034F397 = {
						CreatedOnToolsVersion = 6.1.1;
					};
					AAB359DF1AA2087C0034F397 = {
						CreatedOnToolsVersion = 6.1.1;
						TestTargetID = AAB359C61AA2087B0034F397;
					};
				};
			};
			buildConfigurationList = AAB359C21AA2087B0034F397 /* Build configuration list for PBXProject "Gif test" */;
			compatibilityVersion = "Xcode 3.2";
			developmentRegion = English;
			hasScannedForEncodings = 0;
			knownRegions = (
				en,
				Base,
			);
			mainGroup = AAB359BE1AA2087B0034F397;
			productRefGroup = AAB359C81AA2087B0034F397 /* Products */;
			projectDirPath = "";
			projectRoot = "";
			targets = (
				AAB359C61AA2087B0034F397 /* Gif test */,
				AAB359DF1AA2087C0034F397 /* Gif testTests */,
			);
		};
/* End PBXProject section */

/* Begin PBXResourcesBuildPhase section */
		AAB359C51AA2087B0034F397 /* Resources */ = {
			isa = PBXResourcesBuildPhase;
			buildActionMask = 2147483647;
			files = (
				AAB359D61AA2087C0034F397 /* Main.storyboard in Resources */,
				AAB359DB1AA2087C0034F397 /* LaunchScreen.xib in Resources */,
				AAB359D81AA2087C0034F397 /* Images.xcassets in Resources */,
			);
			runOnlyForDeploymentPostprocessing = 0;
		};
		AAB359DE1AA2087C0034F397 /* Resources */ = {
			isa = PBXResourcesBuildPhase;
			buildActionMask = 2147483647;
			files = (
			);
			runOnlyForDeploymentPostprocessing = 0;
		};
/* End PBXResourcesBuildPhase section */

/* Begin PBXSourcesBuildPhase section */
		AAB359C31AA2087B0034F397 /* Sources */ = {
			isa = PBXSourcesBuildPhase;
			buildActionMask = 2147483647;
			files = (
				AAB359D31AA2087C0034F397 /* ViewController.m in Sources */,
				AAD9C5671AA23574006FB6E3 /* test.m in Sources */,
				AAB359D01AA2087C0034F397 /* AppDelegate.m in Sources */,
				AAB359CD1AA2087B0034F397 /* main.m in Sources */,
			);
			runOnlyForDeploymentPostprocessing = 0;
		};
		AAB359DC1AA2087C0034F397 /* Sources */ = {
			isa = PBXSourcesBuildPhase;
			buildActionMask = 2147483647;
			files = (
				AAB359E71AA2087C0034F397 /* Gif_testTests.m in Sources */,
			);
			runOnlyForDeploymentPostprocessing = 0;
		};
/* End PBXSourcesBuildPhase section */

/* Begin PBXTargetDependency section */
		AAB359E21AA2087C0034F397 /* PBXTargetDependency */ = {
			isa = PBXTargetDependency;
			target = AAB359C61AA2087B0034F397 /* Gif test */;
			targetProxy = AAB359E11AA2087C0034F397 /* PBXContainerItemProxy */;
		};
/* End PBXTargetDependency section */

/* Begin PBXVariantGroup section */
		AAB359D41AA2087C0034F397 /* Main.storyboard */ = {
			isa = PBXVariantGroup;
			children = (
				AAB359D51AA2087C0034F397 /* Base */,
			);
			name = Main.storyboard;
			sourceTree = "<group>";
		};
		AAB359D91AA2087C0034F397 /* LaunchScreen.xib */ = {
			isa = PBXVariantGroup;
			children = (
				AAB359DA1AA2087C0034F397 /* Base */,
			);
			name = LaunchScreen.xib;
			sourceTree = "<group>";
		};
/* End PBXVariantGroup section */

/* Begin XCBuildConfiguration section */
		AAB359E81AA2087C0034F397 /* Debug */ = {
			isa = XCBuildConfiguration;
			buildSettings = {
				ALWAYS_SEARCH_USER_PATHS = NO;
				CLANG_CXX_LANGUAGE_STANDARD = "gnu++0x";
				CLANG_CXX_LIBRARY = "libc++";
				CLANG_ENABLE_MODULES = YES;
				CLANG_ENABLE_OBJC_ARC = YES;
				CLANG_WARN_BOOL_CONVERSION = YES;
				CLANG_WARN_CONSTANT_CONVERSION = YES;
				CLANG_WARN_DIRECT_OBJC_ISA_USAGE = YES_ERROR;
				CLANG_WARN_EMPTY_BODY = YES;
				CLANG_WARN_ENUM_CONVERSION = YES;
				CLANG_WARN_INT_CONVERSION = YES;
				CLANG_WARN_OBJC_ROOT_CLASS = YES_ERROR;
				CLANG_WARN_UNREACHABLE_CODE = YES;
				CLANG_WARN__DUPLICATE_METHOD_MATCH = YES;
				"CODE_SIGN_IDENTITY[sdk=iphoneos*]" = "iPhone Developer";
				COPY_PHASE_STRIP = NO;
				ENABLE_STRICT_OBJC_MSGSEND = YES;
				GCC_C_LANGUAGE_STANDARD = gnu99;
				GCC_DYNAMIC_NO_PIC = NO;
				GCC_OPTIMIZATION_LEVEL = 0;
				GCC_PREPROCESSOR_DEFINITIONS = (
					"DEBUG=1",
					"$(inherited)",
				);
				GCC_SYMBOLS_PRIVATE_EXTERN = NO;
				GCC_WARN_64_TO_32_BIT_CONVERSION = YES;
				GCC_WARN_ABOUT_RETURN_TYPE = YES_ERROR;
				GCC_WARN_UNDECLARED_SELECTOR = YES;
				GCC_WARN_UNINITIALIZED_AUTOS = YES_AGGRESSIVE;
				GCC_WARN_UNUSED_FUNCTION = YES;
				GCC_WARN_UNUSED_VARIABLE = YES;
				IPHONEOS_DEPLOYMENT_TARGET = 8.1;
				MTL_ENABLE_DEBUG_INFO = YES;
				ONLY_ACTIVE_ARCH = YES;
				SDKROOT = iphoneos;
				TARGETED_DEVICE_FAMILY = "1,2";
			};
			name = Debug;
		};
		AAB359E91AA2087C0034F397 /* Release */ = {
			isa = XCBuildConfiguration;
			buildSettings = {
				ALWAYS_SEARCH_USER_PATHS = NO;
				CLANG_CXX_LANGUAGE_STANDARD = "gnu++0x";
				CLANG_CXX_LIBRARY = "libc++";
				CLANG_ENABLE_MODULES = YES;
				CLANG_ENABLE_OBJC_ARC = YES;
				CLANG_WARN_BOOL_CONVERSION = YES;
				CLANG_WARN_CONSTANT_CONVERSION = YES;
				CLANG_WARN_DIRECT_OBJC_ISA_USAGE = YES_ERROR;
				CLANG_WARN_EMPTY_BODY = YES;
				CLANG_WARN_ENUM_CONVERSION = YES;
				CLANG_WARN_INT_CONVERSION = YES;
				CLANG_WARN_OBJC_ROOT_CLASS = YES_ERROR;
				CLANG_WARN_UNREACHABLE_CODE = YES;
				CLANG_WARN__DUPLICATE_METHOD_MATCH = YES;
				"CODE_SIGN_IDENTITY[sdk=iphoneos*]" = "iPhone Developer";
				COPY_PHASE_STRIP = YES;
				ENABLE_NS_ASSERTIONS = NO;
				ENABLE_STRICT_OBJC_MSGSEND = YES;
				GCC_C_LANGUAGE_STANDARD = gnu99;
				GCC_WARN_64_TO_32_BIT_CONVERSION = YES;
				GCC_WARN_ABOUT_RETURN_TYPE = YES_ERROR;
				GCC_WARN_UNDECLARED_SELECTOR = YES;
				GCC_WARN_UNINITIALIZED_AUTOS = YES_AGGRESSIVE;
				GCC_WARN_UNUSED_FUNCTION = YES;
				GCC_WARN_UNUSED_VARIABLE = YES;
				IPHONEOS_DEPLOYMENT_TARGET = 8.1;
				MTL_ENABLE_DEBUG_INFO = NO;
				SDKROOT = iphoneos;
				TARGETED_DEVICE_FAMILY = "1,2";
				VALIDATE_PRODUCT = YES;
			};
			name = Release;
		};
		AAB359EB1AA2087C0034F397 /* Debug */ = {
			isa = XCBuildConfiguration;
			buildSettings = {
				ASSETCATALOG_COMPILER_APPICON_NAME = AppIcon;
				INFOPLIST_FILE = "Gif test/Info.plist";
				LD_RUNPATH_SEARCH_PATHS = "$(inherited) @executable_path/Frameworks";
				PRODUCT_NAME = "$(TARGET_NAME)";
			};
			name = Debug;
		};
		AAB359EC1AA2087C0034F397 /* Release */ = {
			isa = XCBuildConfiguration;
			buildSettings = {
				ASSETCATALOG_COMPILER_APPICON_NAME = AppIcon;
				INFOPLIST_FILE = "Gif test/Info.plist";
				LD_RUNPATH_SEARCH_PATHS = "$(inherited) @executable_path/Frameworks";
				PRODUCT_NAME = "$(TARGET_NAME)";
			};
			name = Release;
		};
		AAB359EE1AA2087C0034F397 /* Debug */ = {
			isa = XCBuildConfiguration;
			buildSettings = {
				BUNDLE_LOADER = "$(TEST_HOST)";
				FRAMEWORK_SEARCH_PATHS = (
					"$(SDKROOT)/Developer/Library/Frameworks",
					"$(inherited)",
				);
				GCC_PREPROCESSOR_DEFINITIONS = (
					"DEBUG=1",
					"$(inherited)",
				);
				INFOPLIST_FILE = "Gif testTests/Info.plist";
				LD_RUNPATH_SEARCH_PATHS = "$(inherited) @executable_path/Frameworks @loader_path/Frameworks";
				PRODUCT_NAME = "$(TARGET_NAME)";
				TEST_HOST = "$(BUILT_PRODUCTS_DIR)/Gif test.app/Gif test";
			};
			name = Debug;
		};
		AAB359EF1AA2087C0034F397 /* Release */ = {
			isa = XCBuildConfiguration;
			buildSettings = {
				BUNDLE_LOADER = "$(TEST_HOST)";
				FRAMEWORK_SEARCH_PATHS = (
					"$(SDKROOT)/Developer/Library/Frameworks",
					"$(inherited)",
				);
				INFOPLIST_FILE = "Gif testTests/Info.plist";
				LD_RUNPATH_SEARCH_PATHS = "$(inherited) @executable_path/Frameworks @loader_path/Frameworks";
				PRODUCT_NAME = "$(TARGET_NAME)";
				TEST_HOST = "$(BUILT_PRODUCTS_DIR)/Gif test.app/Gif test";
			};
			name = Release;
		};
/* End XCBuildConfiguration section */

/* Begin XCConfigurationList section */
		AAB359C21AA2087B0034F397 /* Build configuration list for PBXProject "Gif test" */ = {
			isa = XCConfigurationList;
			buildConfigurations = (
				AAB359E81AA2087C0034F397 /* Debug */,
				AAB359E91AA2087C0034F397 /* Release */,
			);
			defaultConfigurationIsVisible = 0;
			defaultConfigurationName = Release;
		};
		AAB359EA1AA2087C0034F397 /* Build configuration list for PBXNativeTarget "Gif test" */ = {
			isa = XCConfigurationList;
			buildConfigurations = (
				AAB359EB1AA2087C0034F397 /* Debug */,
				AAB359EC1AA2087C0034F397 /* Release */,
			);
			defaultConfigurationIsVisible = 0;
			defaultConfigurationName = Release;
		};
		AAB359ED1AA2087C0034F397 /* Build configuration list for PBXNativeTarget "Gif testTests" */ = {
			isa = XCConfigurationList;
			buildConfigurations = (
				AAB359EE1AA2087C0034F397 /* Debug */,
				AAB359EF1AA2087C0034F397 /* Release */,
			);
			defaultConfigurationIsVisible = 0;
			defaultConfigurationName = Release;
		};
/* End XCConfigurationList section */
	};
	rootObject = AAB359BF1AA2087B0034F397 /* Project object */;
}
